
Microsoft Visual Studio Solution File, Format Version 12.00
# Visual Studio Version 17
VisualStudioVersion = 17.8.34309.116
MinimumVisualStudioVersion = 10.0.40219.1
Project("{FAE04EC0-301F-11D3-BF4B-00C04F79EFBC}") = "LMSMASTERDETAILPATTERNFOREXAM", "LMSMASTERDETAILPATTERNFOREXAM\LMSMASTERDETAILPATTERNFOREXAM.csproj", "{871E85E0-4A0A-420B-B60F-4280AC1D2322}"
EndProject
Global
	GlobalSection(SolutionConfigurationPlatforms) = preSolution
		Debug|Any CPU = Debug|Any CPU
		Release|Any CPU = Release|Any CPU
	EndGlobalSection
	GlobalSection(ProjectConfigurationPlatforms) = postSolution
		{871E85E0-4A0A-420B-B60F-4280AC1D2322}.Debug|Any CPU.ActiveCfg = Debug|Any CPU
		{871E85E0-4A0A-420B-B60F-4280AC1D2322}.Debug|Any CPU.Build.0 = Debug|Any CPU
		{871E85E0-4A0A-420B-B60F-4280AC1D2322}.Release|Any CPU.ActiveCfg = Release|Any CPU
		{871E85E0-4A0A-420B-B60F-4280AC1D2322}.Release|Any CPU.Build.0 = Release|Any CPU
	EndGlobalSection
	GlobalSection(SolutionProperties) = preSolution
		HideSolutionNode = FALSE
	EndGlobalSection
	GlobalSection(ExtensibilityGlobals) = postSolution
		SolutionGuid = {C5BA7291-15F6-4D3D-94D0-E70372646E1A}
	EndGlobalSection
EndGlobal
